
Microsoft Visual Studio Solution File, Format Version 12.00
# Visual Studio 15
VisualStudioVersion = 15.0.27004.2002
MinimumVisualStudioVersion = 10.0.40219.1
Project("{FAE04EC0-301F-11D3-BF4B-00C04F79EFBC}") = "Backend", "Backend\Backend.csproj", "{C4A575D4-5C06-4B58-A165-2C6CA86BC49E}"
EndProject
Global
	GlobalSection(SolutionConfigurationPlatforms) = preSolution
		Debug|Any CPU = Debug|Any CPU
		Release|Any CPU = Release|Any CPU
	EndGlobalSection
	GlobalSection(ProjectConfigurationPlatforms) = postSolution
		{C4A575D4-5C06-4B58-A165-2C6CA86BC49E}.Debug|Any CPU.ActiveCfg = Debug|Any CPU
		{C4A575D4-5C06-4B58-A165-2C6CA86BC49E}.Debug|Any CPU.Build.0 = Debug|Any CPU
		{C4A575D4-5C06-4B58-A165-2C6CA86BC49E}.Release|Any CPU.ActiveCfg = Release|Any CPU
		{C4A575D4-5C06-4B58-A165-2C6CA86BC49E}.Release|Any CPU.Build.0 = Release|Any CPU
	EndGlobalSection
	GlobalSection(SolutionProperties) = preSolution
		HideSolutionNode = FALSE
	EndGlobalSection
	GlobalSection(ExtensibilityGlobals) = postSolution
		SolutionGuid = {275A1954-3406-4E70-80D1-3251F1CAA6D9}
	EndGlobalSection
EndGlobal
